
Microsoft Visual Studio Solution File, Format Version 12.00
# Visual Studio Version 16
VisualStudioVersion = 16.0.30611.23
MinimumVisualStudioVersion = 10.0.40219.1
Project("{2150E333-8FDC-42A3-9474-1A3956D46DE8}") = "src", "src", "{41DF5363-B1E0-42C6-BB73-42BEAA65A7E4}"
EndProject
Project("{FAE04EC0-301F-11D3-BF4B-00C04F79EFBC}") = "QA.Common", "src\QA.Common\QA.Common.csproj", "{4D444320-34FC-4D28-A033-B69BE8915A51}"
EndProject
Project("{FAE04EC0-301F-11D3-BF4B-00C04F79EFBC}") = "QA.Models", "src\QA.Models\QA.Models.csproj", "{7BE12A4F-B3F0-483F-A145-A8F785F2DE89}"
EndProject
Project("{FAE04EC0-301F-11D3-BF4B-00C04F79EFBC}") = "QA_API", "src\QA_API\QA_API.csproj", "{58B4776F-816A-4B8F-96D3-14E69DE3BD12}"
EndProject
Project("{FAE04EC0-301F-11D3-BF4B-00C04F79EFBC}") = "QA.Data", "src\QA.Data\QA.Data.csproj", "{E1C0ED06-926D-4E97-A1EE-7E2327FB7078}"
EndProject
Project("{2150E333-8FDC-42A3-9474-1A3956D46DE8}") = "Telegram", "Telegram", "{6AAF9DDE-213D-450F-AF94-9F050E4E648D}"
EndProject
Project("{FAE04EC0-301F-11D3-BF4B-00C04F79EFBC}") = "QA.Telegram.Bot.App", "src\QA.Telegram.Bot.App\QA.Telegram.Bot.App.csproj", "{5A30B193-5DB3-46B8-A9B8-8A6B093A58FF}"
EndProject
Project("{FAE04EC0-301F-11D3-BF4B-00C04F79EFBC}") = "QA.Telegram.Bot.Common", "src\QA.Telegram.Bot.Common\QA.Telegram.Bot.Common.csproj", "{DCC121DF-6A24-4A86-B78F-D8663D55454D}"
EndProject
Project("{2150E333-8FDC-42A3-9474-1A3956D46DE8}") = "QaCronDumpService", "QaCronDumpService", "{821769BF-3B3C-46B7-A74A-BA12569738D6}"
EndProject
Project("{FAE04EC0-301F-11D3-BF4B-00C04F79EFBC}") = "DbDataToJson", "src\DbDataToJson\DbDataToJson.csproj", "{CA20F609-872B-4DED-9558-6182ADD002FD}"
EndProject
Project("{FAE04EC0-301F-11D3-BF4B-00C04F79EFBC}") = "QA.Telegram.Bot.Models", "src\QA.Telegram.Bot.Models\QA.Telegram.Bot.Models.csproj", "{D3BFF956-451B-4844-9044-E0B24EE85A61}"
EndProject
Global
	GlobalSection(SolutionConfigurationPlatforms) = preSolution
		Debug|Any CPU = Debug|Any CPU
		Release|Any CPU = Release|Any CPU
	EndGlobalSection
	GlobalSection(ProjectConfigurationPlatforms) = postSolution
		{4D444320-34FC-4D28-A033-B69BE8915A51}.Debug|Any CPU.ActiveCfg = Debug|Any CPU
		{4D444320-34FC-4D28-A033-B69BE8915A51}.Debug|Any CPU.Build.0 = Debug|Any CPU
		{4D444320-34FC-4D28-A033-B69BE8915A51}.Release|Any CPU.ActiveCfg = Release|Any CPU
		{4D444320-34FC-4D28-A033-B69BE8915A51}.Release|Any CPU.Build.0 = Release|Any CPU
		{7BE12A4F-B3F0-483F-A145-A8F785F2DE89}.Debug|Any CPU.ActiveCfg = Debug|Any CPU
		{7BE12A4F-B3F0-483F-A145-A8F785F2DE89}.Debug|Any CPU.Build.0 = Debug|Any CPU
		{7BE12A4F-B3F0-483F-A145-A8F785F2DE89}.Release|Any CPU.ActiveCfg = Release|Any CPU
		{7BE12A4F-B3F0-483F-A145-A8F785F2DE89}.Release|Any CPU.Build.0 = Release|Any CPU
		{58B4776F-816A-4B8F-96D3-14E69DE3BD12}.Debug|Any CPU.ActiveCfg = Debug|Any CPU
		{58B4776F-816A-4B8F-96D3-14E69DE3BD12}.Debug|Any CPU.Build.0 = Debug|Any CPU
		{58B4776F-816A-4B8F-96D3-14E69DE3BD12}.Release|Any CPU.ActiveCfg = Release|Any CPU
		{58B4776F-816A-4B8F-96D3-14E69DE3BD12}.Release|Any CPU.Build.0 = Release|Any CPU
		{E1C0ED06-926D-4E97-A1EE-7E2327FB7078}.Debug|Any CPU.ActiveCfg = Debug|Any CPU
		{E1C0ED06-926D-4E97-A1EE-7E2327FB7078}.Debug|Any CPU.Build.0 = Debug|Any CPU
		{E1C0ED06-926D-4E97-A1EE-7E2327FB7078}.Release|Any CPU.ActiveCfg = Release|Any CPU
		{E1C0ED06-926D-4E97-A1EE-7E2327FB7078}.Release|Any CPU.Build.0 = Release|Any CPU
		{5A30B193-5DB3-46B8-A9B8-8A6B093A58FF}.Debug|Any CPU.ActiveCfg = Debug|Any CPU
		{5A30B193-5DB3-46B8-A9B8-8A6B093A58FF}.Debug|Any CPU.Build.0 = Debug|Any CPU
		{5A30B193-5DB3-46B8-A9B8-8A6B093A58FF}.Release|Any CPU.ActiveCfg = Release|Any CPU
		{5A30B193-5DB3-46B8-A9B8-8A6B093A58FF}.Release|Any CPU.Build.0 = Release|Any CPU
		{DCC121DF-6A24-4A86-B78F-D8663D55454D}.Debug|Any CPU.ActiveCfg = Debug|Any CPU
		{DCC121DF-6A24-4A86-B78F-D8663D55454D}.Debug|Any CPU.Build.0 = Debug|Any CPU
		{DCC121DF-6A24-4A86-B78F-D8663D55454D}.Release|Any CPU.ActiveCfg = Release|Any CPU
		{DCC121DF-6A24-4A86-B78F-D8663D55454D}.Release|Any CPU.Build.0 = Release|Any CPU
		{CA20F609-872B-4DED-9558-6182ADD002FD}.Debug|Any CPU.ActiveCfg = Debug|Any CPU
		{CA20F609-872B-4DED-9558-6182ADD002FD}.Debug|Any CPU.Build.0 = Debug|Any CPU
		{CA20F609-872B-4DED-9558-6182ADD002FD}.Release|Any CPU.ActiveCfg = Release|Any CPU
		{CA20F609-872B-4DED-9558-6182ADD002FD}.Release|Any CPU.Build.0 = Release|Any CPU
		{D3BFF956-451B-4844-9044-E0B24EE85A61}.Debug|Any CPU.ActiveCfg = Debug|Any CPU
		{D3BFF956-451B-4844-9044-E0B24EE85A61}.Debug|Any CPU.Build.0 = Debug|Any CPU
		{D3BFF956-451B-4844-9044-E0B24EE85A61}.Release|Any CPU.ActiveCfg = Release|Any CPU
		{D3BFF956-451B-4844-9044-E0B24EE85A61}.Release|Any CPU.Build.0 = Release|Any CPU
	EndGlobalSection
	GlobalSection(SolutionProperties) = preSolution
		HideSolutionNode = FALSE
	EndGlobalSection
	GlobalSection(ExtensibilityGlobals) = postSolution
		SolutionGuid = {31C82587-1065-4C02-92F3-C42204295DAD}
	EndGlobalSection
	GlobalSection(NestedProjects) = preSolution
		{4D444320-34FC-4D28-A033-B69BE8915A51} = {41DF5363-B1E0-42C6-BB73-42BEAA65A7E4}
		{7BE12A4F-B3F0-483F-A145-A8F785F2DE89} = {41DF5363-B1E0-42C6-BB73-42BEAA65A7E4}
		{58B4776F-816A-4B8F-96D3-14E69DE3BD12} = {41DF5363-B1E0-42C6-BB73-42BEAA65A7E4}
		{E1C0ED06-926D-4E97-A1EE-7E2327FB7078} = {41DF5363-B1E0-42C6-BB73-42BEAA65A7E4}
		{6AAF9DDE-213D-450F-AF94-9F050E4E648D} = {41DF5363-B1E0-42C6-BB73-42BEAA65A7E4}
		{5A30B193-5DB3-46B8-A9B8-8A6B093A58FF} = {6AAF9DDE-213D-450F-AF94-9F050E4E648D}
		{DCC121DF-6A24-4A86-B78F-D8663D55454D} = {6AAF9DDE-213D-450F-AF94-9F050E4E648D}
		{821769BF-3B3C-46B7-A74A-BA12569738D6} = {41DF5363-B1E0-42C6-BB73-42BEAA65A7E4}
		{CA20F609-872B-4DED-9558-6182ADD002FD} = {821769BF-3B3C-46B7-A74A-BA12569738D6}
		{D3BFF956-451B-4844-9044-E0B24EE85A61} = {6AAF9DDE-213D-450F-AF94-9F050E4E648D}
	EndGlobalSection
EndGlobal
